
Microsoft Visual Studio Solution File, Format Version 12.00
# Visual Studio Version 16
VisualStudioVersion = 16.0.30104.148
MinimumVisualStudioVersion = 10.0.40219.1
Project("{FAE04EC0-301F-11D3-BF4B-00C04F79EFBC}") = "Donny-Gesprekregistratie", "Donny-Gesprekregistratie\Donny-Gesprekregistratie.csproj", "{86AEB699-A591-44C2-8B9F-65F7CC4F422E}"
EndProject
Global
	GlobalSection(SolutionConfigurationPlatforms) = preSolution
		Debug|Any CPU = Debug|Any CPU
		Release|Any CPU = Release|Any CPU
	EndGlobalSection
	GlobalSection(ProjectConfigurationPlatforms) = postSolution
		{86AEB699-A591-44C2-8B9F-65F7CC4F422E}.Debug|Any CPU.ActiveCfg = Debug|Any CPU
		{86AEB699-A591-44C2-8B9F-65F7CC4F422E}.Debug|Any CPU.Build.0 = Debug|Any CPU
		{86AEB699-A591-44C2-8B9F-65F7CC4F422E}.Release|Any CPU.ActiveCfg = Release|Any CPU
		{86AEB699-A591-44C2-8B9F-65F7CC4F422E}.Release|Any CPU.Build.0 = Release|Any CPU
	EndGlobalSection
	GlobalSection(SolutionProperties) = preSolution
		HideSolutionNode = FALSE
	EndGlobalSection
	GlobalSection(ExtensibilityGlobals) = postSolution
		SolutionGuid = {8986E36F-760E-4AE0-8194-8E498021CC1A}
	EndGlobalSection
EndGlobal
